
Microsoft Visual Studio Solution File, Format Version 12.00
# Visual Studio Version 16
VisualStudioVersion = 16.0.31702.278
MinimumVisualStudioVersion = 10.0.40219.1
Project("{FAE04EC0-301F-11D3-BF4B-00C04F79EFBC}") = "CapaPresentacion", "CapaPresentacion\CapaPresentacion.csproj", "{70F79BA0-D1CF-44E0-8792-B3112968D684}"
EndProject
Global
	GlobalSection(SolutionConfigurationPlatforms) = preSolution
		Debug|Any CPU = Debug|Any CPU
		Release|Any CPU = Release|Any CPU
	EndGlobalSection
	GlobalSection(ProjectConfigurationPlatforms) = postSolution
		{70F79BA0-D1CF-44E0-8792-B3112968D684}.Debug|Any CPU.ActiveCfg = Debug|Any CPU
		{70F79BA0-D1CF-44E0-8792-B3112968D684}.Debug|Any CPU.Build.0 = Debug|Any CPU
		{70F79BA0-D1CF-44E0-8792-B3112968D684}.Release|Any CPU.ActiveCfg = Release|Any CPU
		{70F79BA0-D1CF-44E0-8792-B3112968D684}.Release|Any CPU.Build.0 = Release|Any CPU
	EndGlobalSection
	GlobalSection(SolutionProperties) = preSolution
		HideSolutionNode = FALSE
	EndGlobalSection
	GlobalSection(ExtensibilityGlobals) = postSolution
		SolutionGuid = {7FB835A1-86ED-4148-A13B-D6E8C8E10637}
	EndGlobalSection
EndGlobal
